
Microsoft Visual Studio Solution File, Format Version 12.00
# Visual Studio 15
VisualStudioVersion = 15.0.27130.2026
MinimumVisualStudioVersion = 10.0.40219.1
Project("{8BC9CEB8-8B4A-11D0-8D11-00A0C91BC942}") = "decoder", "decoder\decoder.vcxproj", "{E392EB40-18C4-4C4F-8029-92112AFBFFA2}"
EndProject
Project("{8BC9CEB8-8B4A-11D0-8D11-00A0C91BC942}") = "runner", "runner\runner.vcxproj", "{64FF030F-1166-4A94-A684-6E1A93797F70}"
EndProject
Project("{8BC9CEB8-8B4A-11D0-8D11-00A0C91BC942}") = "test1", "test1\test1.vcxproj", "{FDC11424-D094-4F45-BFFE-AD68DD0CE10F}"
EndProject
Global
	GlobalSection(SolutionConfigurationPlatforms) = preSolution
		Debug|x64 = Debug|x64
		Debug|x86 = Debug|x86
		Release|x64 = Release|x64
		Release|x86 = Release|x86
	EndGlobalSection
	GlobalSection(ProjectConfigurationPlatforms) = postSolution
		{E392EB40-18C4-4C4F-8029-92112AFBFFA2}.Debug|x64.ActiveCfg = Debug|x64
		{E392EB40-18C4-4C4F-8029-92112AFBFFA2}.Debug|x64.Build.0 = Debug|x64
		{E392EB40-18C4-4C4F-8029-92112AFBFFA2}.Debug|x86.ActiveCfg = Debug|Win32
		{E392EB40-18C4-4C4F-8029-92112AFBFFA2}.Debug|x86.Build.0 = Debug|Win32
		{E392EB40-18C4-4C4F-8029-92112AFBFFA2}.Release|x64.ActiveCfg = Release|x64
		{E392EB40-18C4-4C4F-8029-92112AFBFFA2}.Release|x64.Build.0 = Release|x64
		{E392EB40-18C4-4C4F-8029-92112AFBFFA2}.Release|x86.ActiveCfg = Release|Win32
		{E392EB40-18C4-4C4F-8029-92112AFBFFA2}.Release|x86.Build.0 = Release|Win32
		{64FF030F-1166-4A94-A684-6E1A93797F70}.Debug|x64.ActiveCfg = Debug|x64
		{64FF030F-1166-4A94-A684-6E1A93797F70}.Debug|x64.Build.0 = Debug|x64
		{64FF030F-1166-4A94-A684-6E1A93797F70}.Debug|x86.ActiveCfg = Debug|Win32
		{64FF030F-1166-4A94-A684-6E1A93797F70}.Debug|x86.Build.0 = Debug|Win32
		{64FF030F-1166-4A94-A684-6E1A93797F70}.Release|x64.ActiveCfg = Release|x64
		{64FF030F-1166-4A94-A684-6E1A93797F70}.Release|x64.Build.0 = Release|x64
		{64FF030F-1166-4A94-A684-6E1A93797F70}.Release|x86.ActiveCfg = Release|Win32
		{64FF030F-1166-4A94-A684-6E1A93797F70}.Release|x86.Build.0 = Release|Win32
		{FDC11424-D094-4F45-BFFE-AD68DD0CE10F}.Debug|x64.ActiveCfg = Debug|x64
		{FDC11424-D094-4F45-BFFE-AD68DD0CE10F}.Debug|x64.Build.0 = Debug|x64
		{FDC11424-D094-4F45-BFFE-AD68DD0CE10F}.Debug|x86.ActiveCfg = Debug|Win32
		{FDC11424-D094-4F45-BFFE-AD68DD0CE10F}.Debug|x86.Build.0 = Debug|Win32
		{FDC11424-D094-4F45-BFFE-AD68DD0CE10F}.Release|x64.ActiveCfg = Release|x64
		{FDC11424-D094-4F45-BFFE-AD68DD0CE10F}.Release|x64.Build.0 = Release|x64
		{FDC11424-D094-4F45-BFFE-AD68DD0CE10F}.Release|x86.ActiveCfg = Release|Win32
		{FDC11424-D094-4F45-BFFE-AD68DD0CE10F}.Release|x86.Build.0 = Release|Win32
	EndGlobalSection
	GlobalSection(SolutionProperties) = preSolution
		HideSolutionNode = FALSE
	EndGlobalSection
	GlobalSection(ExtensibilityGlobals) = postSolution
		SolutionGuid = {4B3C1E0E-2B9E-4FA0-838D-6EBB19EE8B8D}
	EndGlobalSection
EndGlobal
